{
    "_readme": [
        "This file locks the dependencies of your project to a known state",
        "Read more about it at https://getcomposer.org/doc/01-basic-usage.md#installing-dependencies",
        "This file is @generated automatically"
    ],
    "content-hash": "335531b956a7550be16a9cb46da6db31",
    "packages": [
        {
            "name": "mohist/sodion-auth",
            "version": "v0.0.1",
            "source": {
                "type": "git",
                "url": "https://github.com/Mohist-Community/SodionAuthPhp.git",
                "reference": "54a32cc47f34e5b8025442530d6e5f59f18fe421"
            },
            "dist": {
                "type": "zip",
                "url": "https://api.github.com/repos/Mohist-Community/SodionAuthPhp/zipball/54a32cc47f34e5b8025442530d6e5f59f18fe421",
                "reference": "54a32cc47f34e5b8025442530d6e5f59f18fe421",
                "shasum": "",
                "mirrors": [
                    {
                        "url": "https://mirrors.aliyun.com/composer/dists/%package%/%reference%.%type%",
                        "preferred": true
                    }
                ]
            },
            "require": {
                "ext-json": "*"
            },
            "type": "library",
            "autoload": {
                "psr-4": {
                    "Mohist\\SodionAuth\\": "src/"
                }
            },
            "notification-url": "https://packagist.org/downloads/",
            "license": [
                "Apache-2.0"
            ],
            "authors": [
                {
                    "name": "logos",
                    "email": "1102280066@qq.com"
                }
            ],
            "description": "SodionAuth api core.",
            "time": "2020-10-10T16:16:08+00:00"
        }
    ],
    "packages-dev": [],
    "aliases": [],
    "minimum-stability": "stable",
    "stability-flags": [],
    "prefer-stable": false,
    "prefer-lowest": false,
    "platform": [],
    "platform-dev": [],
    "plugin-api-version": "1.1.0"
}
